// !$*UTF8*$!
{
	archiveVersion = 1;
	classes = {
	};
	objectVersion = 55;
	objects = {

/* Begin PBXBuildFile section */
		4A0083F02833E3400084A67C /* ProcessRowView.swift in Sources */ = {isa = PBXBuildFile; fileRef = 4A0083EF2833E3400084A67C /* ProcessRowView.swift */; };
		4A086567288E8F20006DA49C /* BrewView.swift in Sources */ = {isa = PBXBuildFile; fileRef = 4A086566288E8F20006DA49C /* BrewView.swift */; };
		4A2E2634289020A800FD1B7D /* BeanDetailView.swift in Sources */ = {isa = PBXBuildFile; fileRef = 4A2E2633289020A800FD1B7D /* BeanDetailView.swift */; };
		4AC8D4B327FBBC0300957B10 /* JurnalKopiApp.swift in Sources */ = {isa = PBXBuildFile; fileRef = 4AC8D4B227FBBC0300957B10 /* JurnalKopiApp.swift */; };
		4AC8D4B527FBBC0300957B10 /* BrewCalculatorView.swift in Sources */ = {isa = PBXBuildFile; fileRef = 4AC8D4B427FBBC0300957B10 /* BrewCalculatorView.swift */; };
		4AC8D4B727FBBC0500957B10 /* Assets.xcassets in Resources */ = {isa = PBXBuildFile; fileRef = 4AC8D4B627FBBC0500957B10 /* Assets.xcassets */; };
		4AC8D4BA27FBBC0500957B10 /* Preview Assets.xcassets in Resources */ = {isa = PBXBuildFile; fileRef = 4AC8D4B927FBBC0500957B10 /* Preview Assets.xcassets */; };
		4AC8D4C427FBBC0500957B10 /* JurnalKopiTests.swift in Sources */ = {isa = PBXBuildFile; fileRef = 4AC8D4C327FBBC0500957B10 /* JurnalKopiTests.swift */; };
		4AC8D4CE27FBBC0500957B10 /* JurnalKopiUITests.swift in Sources */ = {isa = PBXBuildFile; fileRef = 4AC8D4CD27FBBC0500957B10 /* JurnalKopiUITests.swift */; };
		4AC8D4D027FBBC0500957B10 /* JurnalKopiUITestsLaunchTests.swift in Sources */ = {isa = PBXBuildFile; fileRef = 4AC8D4CF27FBBC0500957B10 /* JurnalKopiUITestsLaunchTests.swift */; };
		4AD21041288E9EE600C44C91 /* BeanView.swift in Sources */ = {isa = PBXBuildFile; fileRef = 4AD21040288E9EE600C44C91 /* BeanView.swift */; };
		4AD21043288EC0EB00C44C91 /* BeanListView.swift in Sources */ = {isa = PBXBuildFile; fileRef = 4AD21042288EC0EB00C44C91 /* BeanListView.swift */; };
		4AD21046288EC64500C44C91 /* BrewDetailView.swift in Sources */ = {isa = PBXBuildFile; fileRef = 4AD21045288EC64500C44C91 /* BrewDetailView.swift */; };
		4AD60BDD27FBD442001D89D5 /* BrewCalculatorViewModel.swift in Sources */ = {isa = PBXBuildFile; fileRef = 4AD60BDC27FBD442001D89D5 /* BrewCalculatorViewModel.swift */; };
		4AD60BE027FBD878001D89D5 /* Brew.swift in Sources */ = {isa = PBXBuildFile; fileRef = 4AD60BDF27FBD878001D89D5 /* Brew.swift */; };
		4AD60BE727FC821C001D89D5 /* BrewListView.swift in Sources */ = {isa = PBXBuildFile; fileRef = 4AD60BE627FC821C001D89D5 /* BrewListView.swift */; };
		4AD60BEC27FC84EB001D89D5 /* TabsView.swift in Sources */ = {isa = PBXBuildFile; fileRef = 4AD60BEB27FC84EB001D89D5 /* TabsView.swift */; };
/* End PBXBuildFile section */

/* Begin PBXContainerItemProxy section */
		4AC8D4C027FBBC0500957B10 /* PBXContainerItemProxy */ = {
			isa = PBXContainerItemProxy;
			containerPortal = 4AC8D4A727FBBC0300957B10 /* Project object */;
			proxyType = 1;
			remoteGlobalIDString = 4AC8D4AE27FBBC0300957B10;
			remoteInfo = JurnalKopi;
		};
		4AC8D4CA27FBBC0500957B10 /* PBXContainerItemProxy */ = {
			isa = PBXContainerItemProxy;
			containerPortal = 4AC8D4A727FBBC0300957B10 /* Project object */;
			proxyType = 1;
			remoteGlobalIDString = 4AC8D4AE27FBBC0300957B10;
			remoteInfo = JurnalKopi;
		};
/* End PBXContainerItemProxy section */

/* Begin PBXFileReference section */
		4A0083EF2833E3400084A67C /* ProcessRowView.swift */ = {isa = PBXFileReference; lastKnownFileType = sourcecode.swift; path = ProcessRowView.swift; sourceTree = "<group>"; };
		4A086566288E8F20006DA49C /* BrewView.swift */ = {isa = PBXFileReference; lastKnownFileType = sourcecode.swift; path = BrewView.swift; sourceTree = "<group>"; };
		4A2E2633289020A800FD1B7D /* BeanDetailView.swift */ = {isa = PBXFileReference; lastKnownFileType = sourcecode.swift; path = BeanDetailView.swift; sourceTree = "<group>"; };
		4AC8D4AF27FBBC0300957B10 /* Jurnal Kopi.app */ = {isa = PBXFileReference; explicitFileType = wrapper.application; includeInIndex = 0; path = "Jurnal Kopi.app"; sourceTree = BUILT_PRODUCTS_DIR; };
		4AC8D4B227FBBC0300957B10 /* JurnalKopiApp.swift */ = {isa = PBXFileReference; lastKnownFileType = sourcecode.swift; path = JurnalKopiApp.swift; sourceTree = "<group>"; };
		4AC8D4B427FBBC0300957B10 /* BrewCalculatorView.swift */ = {isa = PBXFileReference; lastKnownFileType = sourcecode.swift; path = BrewCalculatorView.swift; sourceTree = "<group>"; };
		4AC8D4B627FBBC0500957B10 /* Assets.xcassets */ = {isa = PBXFileReference; lastKnownFileType = folder.assetcatalog; path = Assets.xcassets; sourceTree = "<group>"; };
		4AC8D4B927FBBC0500957B10 /* Preview Assets.xcassets */ = {isa = PBXFileReference; lastKnownFileType = folder.assetcatalog; path = "Preview Assets.xcassets"; sourceTree = "<group>"; };
		4AC8D4BF27FBBC0500957B10 /* JurnalKopiTests.xctest */ = {isa = PBXFileReference; explicitFileType = wrapper.cfbundle; includeInIndex = 0; path = JurnalKopiTests.xctest; sourceTree = BUILT_PRODUCTS_DIR; };
		4AC8D4C327FBBC0500957B10 /* JurnalKopiTests.swift */ = {isa = PBXFileReference; lastKnownFileType = sourcecode.swift; path = JurnalKopiTests.swift; sourceTree = "<group>"; };
		4AC8D4C927FBBC0500957B10 /* JurnalKopiUITests.xctest */ = {isa = PBXFileReference; explicitFileType = wrapper.cfbundle; includeInIndex = 0; path = JurnalKopiUITests.xctest; sourceTree = BUILT_PRODUCTS_DIR; };
		4AC8D4CD27FBBC0500957B10 /* JurnalKopiUITests.swift */ = {isa = PBXFileReference; lastKnownFileType = sourcecode.swift; path = JurnalKopiUITests.swift; sourceTree = "<group>"; };
		4AC8D4CF27FBBC0500957B10 /* JurnalKopiUITestsLaunchTests.swift */ = {isa = PBXFileReference; lastKnownFileType = sourcecode.swift; path = JurnalKopiUITestsLaunchTests.swift; sourceTree = "<group>"; };
		4AD21040288E9EE600C44C91 /* BeanView.swift */ = {isa = PBXFileReference; lastKnownFileType = sourcecode.swift; path = BeanView.swift; sourceTree = "<group>"; };
		4AD21042288EC0EB00C44C91 /* BeanListView.swift */ = {isa = PBXFileReference; lastKnownFileType = sourcecode.swift; path = BeanListView.swift; sourceTree = "<group>"; };
		4AD21045288EC64500C44C91 /* BrewDetailView.swift */ = {isa = PBXFileReference; lastKnownFileType = sourcecode.swift; path = BrewDetailView.swift; sourceTree = "<group>"; };
		4AD60BDC27FBD442001D89D5 /* BrewCalculatorViewModel.swift */ = {isa = PBXFileReference; lastKnownFileType = sourcecode.swift; path = BrewCalculatorViewModel.swift; sourceTree = "<group>"; };
		4AD60BDF27FBD878001D89D5 /* Brew.swift */ = {isa = PBXFileReference; lastKnownFileType = sourcecode.swift; path = Brew.swift; sourceTree = "<group>"; };
		4AD60BE627FC821C001D89D5 /* BrewListView.swift */ = {isa = PBXFileReference; lastKnownFileType = sourcecode.swift; path = BrewListView.swift; sourceTree = "<group>"; };
		4AD60BEB27FC84EB001D89D5 /* TabsView.swift */ = {isa = PBXFileReference; lastKnownFileType = sourcecode.swift; path = TabsView.swift; sourceTree = "<group>"; };
/* End PBXFileReference section */

/* Begin PBXFrameworksBuildPhase section */
		4AC8D4AC27FBBC0300957B10 /* Frameworks */ = {
			isa = PBXFrameworksBuildPhase;
			buildActionMask = 2147483647;
			files = (
			);
			runOnlyForDeploymentPostprocessing = 0;
		};
		4AC8D4BC27FBBC0500957B10 /* Frameworks */ = {
			isa = PBXFrameworksBuildPhase;
			buildActionMask = 2147483647;
			files = (
			);
			runOnlyForDeploymentPostprocessing = 0;
		};
		4AC8D4C627FBBC0500957B10 /* Frameworks */ = {
			isa = PBXFrameworksBuildPhase;
			buildActionMask = 2147483647;
			files = (
			);
			runOnlyForDeploymentPostprocessing = 0;
		};
/* End PBXFrameworksBuildPhase section */

/* Begin PBXGroup section */
		4A2E26322890208A00FD1B7D /* BeanDetail */ = {
			isa = PBXGroup;
			children = (
				4A2E2633289020A800FD1B7D /* BeanDetailView.swift */,
			);
			path = BeanDetail;
			sourceTree = "<group>";
		};
		4AC8D4A627FBBC0300957B10 = {
			isa = PBXGroup;
			children = (
				4AC8D4B127FBBC0300957B10 /* JurnalKopi */,
				4AC8D4C227FBBC0500957B10 /* JurnalKopiTests */,
				4AC8D4CC27FBBC0500957B10 /* JurnalKopiUITests */,
				4AC8D4B027FBBC0300957B10 /* Products */,
			);
			sourceTree = "<group>";
		};
		4AC8D4B027FBBC0300957B10 /* Products */ = {
			isa = PBXGroup;
			children = (
				4AC8D4AF27FBBC0300957B10 /* Jurnal Kopi.app */,
				4AC8D4BF27FBBC0500957B10 /* JurnalKopiTests.xctest */,
				4AC8D4C927FBBC0500957B10 /* JurnalKopiUITests.xctest */,
			);
			name = Products;
			sourceTree = "<group>";
		};
		4AC8D4B127FBBC0300957B10 /* JurnalKopi */ = {
			isa = PBXGroup;
			children = (
				4AD60BE127FC8174001D89D5 /* Screens */,
				4AD60BDE27FBD86C001D89D5 /* Models */,
				4AC8D4B227FBBC0300957B10 /* JurnalKopiApp.swift */,
				4AC8D4B627FBBC0500957B10 /* Assets.xcassets */,
				4AC8D4B827FBBC0500957B10 /* Preview Content */,
			);
			path = JurnalKopi;
			sourceTree = "<group>";
		};
		4AC8D4B827FBBC0500957B10 /* Preview Content */ = {
			isa = PBXGroup;
			children = (
				4AC8D4B927FBBC0500957B10 /* Preview Assets.xcassets */,
			);
			path = "Preview Content";
			sourceTree = "<group>";
		};
		4AC8D4C227FBBC0500957B10 /* JurnalKopiTests */ = {
			isa = PBXGroup;
			children = (
				4AC8D4C327FBBC0500957B10 /* JurnalKopiTests.swift */,
			);
			path = JurnalKopiTests;
			sourceTree = "<group>";
		};
		4AC8D4CC27FBBC0500957B10 /* JurnalKopiUITests */ = {
			isa = PBXGroup;
			children = (
				4AC8D4CD27FBBC0500957B10 /* JurnalKopiUITests.swift */,
				4AC8D4CF27FBBC0500957B10 /* JurnalKopiUITestsLaunchTests.swift */,
			);
			path = JurnalKopiUITests;
			sourceTree = "<group>";
		};
		4AD2103F288E9E6E00C44C91 /* BeanList */ = {
			isa = PBXGroup;
			children = (
				4AD21042288EC0EB00C44C91 /* BeanListView.swift */,
				4AD21040288E9EE600C44C91 /* BeanView.swift */,
			);
			path = BeanList;
			sourceTree = "<group>";
		};
		4AD21044288EC63200C44C91 /* BrewDetail */ = {
			isa = PBXGroup;
			children = (
				4AD21045288EC64500C44C91 /* BrewDetailView.swift */,
			);
			path = BrewDetail;
			sourceTree = "<group>";
		};
		4AD60BDE27FBD86C001D89D5 /* Models */ = {
			isa = PBXGroup;
			children = (
				4AD60BDF27FBD878001D89D5 /* Brew.swift */,
			);
			path = Models;
			sourceTree = "<group>";
		};
		4AD60BE127FC8174001D89D5 /* Screens */ = {
			isa = PBXGroup;
			children = (
				4AD60BEA27FC822E001D89D5 /* Tabs */,
				4AD60BE327FC81A1001D89D5 /* BrewList */,
				4AD21044288EC63200C44C91 /* BrewDetail */,
				4AD2103F288E9E6E00C44C91 /* BeanList */,
				4A2E26322890208A00FD1B7D /* BeanDetail */,
				4AD60BE227FC8183001D89D5 /* BrewCalculator */,
			);
			path = Screens;
			sourceTree = "<group>";
		};
		4AD60BE227FC8183001D89D5 /* BrewCalculator */ = {
			isa = PBXGroup;
			children = (
				4AC8D4B427FBBC0300957B10 /* BrewCalculatorView.swift */,
				4AD60BDC27FBD442001D89D5 /* BrewCalculatorViewModel.swift */,
			);
			path = BrewCalculator;
			sourceTree = "<group>";
		};
		4AD60BE327FC81A1001D89D5 /* BrewList */ = {
			isa = PBXGroup;
			children = (
				4AD60BE627FC821C001D89D5 /* BrewListView.swift */,
				4A0083EF2833E3400084A67C /* ProcessRowView.swift */,
				4A086566288E8F20006DA49C /* BrewView.swift */,
			);
			path = BrewList;
			sourceTree = "<group>";
		};
		4AD60BEA27FC822E001D89D5 /* Tabs */ = {
			isa = PBXGroup;
			children = (
				4AD60BEB27FC84EB001D89D5 /* TabsView.swift */,
			);
			path = Tabs;
			sourceTree = "<group>";
		};
/* End PBXGroup section */

/* Begin PBXNativeTarget section */
		4AC8D4AE27FBBC0300957B10 /* JurnalKopi */ = {
			isa = PBXNativeTarget;
			buildConfigurationList = 4AC8D4D327FBBC0500957B10 /* Build configuration list for PBXNativeTarget "JurnalKopi" */;
			buildPhases = (
				4AC8D4AB27FBBC0300957B10 /* Sources */,
				4AC8D4AC27FBBC0300957B10 /* Frameworks */,
				4AC8D4AD27FBBC0300957B10 /* Resources */,
			);
			buildRules = (
			);
			dependencies = (
			);
			name = JurnalKopi;
			productName = JurnalKopi;
			productReference = 4AC8D4AF27FBBC0300957B10 /* Jurnal Kopi.app */;
			productType = "com.apple.product-type.application";
		};
		4AC8D4BE27FBBC0500957B10 /* JurnalKopiTests */ = {
			isa = PBXNativeTarget;
			buildConfigurationList = 4AC8D4D627FBBC0500957B10 /* Build configuration list for PBXNativeTarget "JurnalKopiTests" */;
			buildPhases = (
				4AC8D4BB27FBBC0500957B10 /* Sources */,
				4AC8D4BC27FBBC0500957B10 /* Frameworks */,
				4AC8D4BD27FBBC0500957B10 /* Resources */,
			);
			buildRules = (
			);
			dependencies = (
				4AC8D4C127FBBC0500957B10 /* PBXTargetDependency */,
			);
			name = JurnalKopiTests;
			productName = JurnalKopiTests;
			productReference = 4AC8D4BF27FBBC0500957B10 /* JurnalKopiTests.xctest */;
			productType = "com.apple.product-type.bundle.unit-test";
		};
		4AC8D4C827FBBC0500957B10 /* JurnalKopiUITests */ = {
			isa = PBXNativeTarget;
			buildConfigurationList = 4AC8D4D927FBBC0500957B10 /* Build configuration list for PBXNativeTarget "JurnalKopiUITests" */;
			buildPhases = (
				4AC8D4C527FBBC0500957B10 /* Sources */,
				4AC8D4C627FBBC0500957B10 /* Frameworks */,
				4AC8D4C727FBBC0500957B10 /* Resources */,
			);
			buildRules = (
			);
			dependencies = (
				4AC8D4CB27FBBC0500957B10 /* PBXTargetDependency */,
			);
			name = JurnalKopiUITests;
			productName = JurnalKopiUITests;
			productReference = 4AC8D4C927FBBC0500957B10 /* JurnalKopiUITests.xctest */;
			productType = "com.apple.product-type.bundle.ui-testing";
		};
/* End PBXNativeTarget section */

/* Begin PBXProject section */
		4AC8D4A727FBBC0300957B10 /* Project object */ = {
			isa = PBXProject;
			attributes = {
				BuildIndependentTargetsInParallel = 1;
				LastSwiftUpdateCheck = 1330;
				LastUpgradeCheck = 1330;
				TargetAttributes = {
					4AC8D4AE27FBBC0300957B10 = {
						CreatedOnToolsVersion = 13.3;
					};
					4AC8D4BE27FBBC0500957B10 = {
						CreatedOnToolsVersion = 13.3;
						TestTargetID = 4AC8D4AE27FBBC0300957B10;
					};
					4AC8D4C827FBBC0500957B10 = {
						CreatedOnToolsVersion = 13.3;
						TestTargetID = 4AC8D4AE27FBBC0300957B10;
					};
				};
			};
			buildConfigurationList = 4AC8D4AA27FBBC0300957B10 /* Build configuration list for PBXProject "JurnalKopi" */;
			compatibilityVersion = "Xcode 13.0";
			developmentRegion = en;
			hasScannedForEncodings = 0;
			knownRegions = (
				en,
				Base,
			);
			mainGroup = 4AC8D4A627FBBC0300957B10;
			productRefGroup = 4AC8D4B027FBBC0300957B10 /* Products */;
			projectDirPath = "";
			projectRoot = "";
			targets = (
				4AC8D4AE27FBBC0300957B10 /* JurnalKopi */,
				4AC8D4BE27FBBC0500957B10 /* JurnalKopiTests */,
				4AC8D4C827FBBC0500957B10 /* JurnalKopiUITests */,
			);
		};
/* End PBXProject section */

/* Begin PBXResourcesBuildPhase section */
		4AC8D4AD27FBBC0300957B10 /* Resources */ = {
			isa = PBXResourcesBuildPhase;
			buildActionMask = 2147483647;
			files = (
				4AC8D4BA27FBBC0500957B10 /* Preview Assets.xcassets in Resources */,
				4AC8D4B727FBBC0500957B10 /* Assets.xcassets in Resources */,
			);
			runOnlyForDeploymentPostprocessing = 0;
		};
		4AC8D4BD27FBBC0500957B10 /* Resources */ = {
			isa = PBXResourcesBuildPhase;
			buildActionMask = 2147483647;
			files = (
			);
			runOnlyForDeploymentPostprocessing = 0;
		};
		4AC8D4C727FBBC0500957B10 /* Resources */ = {
			isa = PBXResourcesBuildPhase;
			buildActionMask = 2147483647;
			files = (
			);
			runOnlyForDeploymentPostprocessing = 0;
		};
/* End PBXResourcesBuildPhase section */

/* Begin PBXSourcesBuildPhase section */
		4AC8D4AB27FBBC0300957B10 /* Sources */ = {
			isa = PBXSourcesBuildPhase;
			buildActionMask = 2147483647;
			files = (
				4AD21043288EC0EB00C44C91 /* BeanListView.swift in Sources */,
				4AD60BEC27FC84EB001D89D5 /* TabsView.swift in Sources */,
				4AD21046288EC64500C44C91 /* BrewDetailView.swift in Sources */,
				4A2E2634289020A800FD1B7D /* BeanDetailView.swift in Sources */,
				4AD60BE727FC821C001D89D5 /* BrewListView.swift in Sources */,
				4AC8D4B527FBBC0300957B10 /* BrewCalculatorView.swift in Sources */,
				4AD21041288E9EE600C44C91 /* BeanView.swift in Sources */,
				4AD60BE027FBD878001D89D5 /* Brew.swift in Sources */,
				4A086567288E8F20006DA49C /* BrewView.swift in Sources */,
				4A0083F02833E3400084A67C /* ProcessRowView.swift in Sources */,
				4AD60BDD27FBD442001D89D5 /* BrewCalculatorViewModel.swift in Sources */,
				4AC8D4B327FBBC0300957B10 /* JurnalKopiApp.swift in Sources */,
			);
			runOnlyForDeploymentPostprocessing = 0;
		};
		4AC8D4BB27FBBC0500957B10 /* Sources */ = {
			isa = PBXSourcesBuildPhase;
			buildActionMask = 2147483647;
			files = (
				4AC8D4C427FBBC0500957B10 /* JurnalKopiTests.swift in Sources */,
			);
			runOnlyForDeploymentPostprocessing = 0;
		};
		4AC8D4C527FBBC0500957B10 /* Sources */ = {
			isa = PBXSourcesBuildPhase;
			buildActionMask = 2147483647;
			files = (
				4AC8D4CE27FBBC0500957B10 /* JurnalKopiUITests.swift in Sources */,
				4AC8D4D027FBBC0500957B10 /* JurnalKopiUITestsLaunchTests.swift in Sources */,
			);
			runOnlyForDeploymentPostprocessing = 0;
		};
/* End PBXSourcesBuildPhase section */

/* Begin PBXTargetDependency section */
		4AC8D4C127FBBC0500957B10 /* PBXTargetDependency */ = {
			isa = PBXTargetDependency;
			target = 4AC8D4AE27FBBC0300957B10 /* JurnalKopi */;
			targetProxy = 4AC8D4C027FBBC0500957B10 /* PBXContainerItemProxy */;
		};
		4AC8D4CB27FBBC0500957B10 /* PBXTargetDependency */ = {
			isa = PBXTargetDependency;
			target = 4AC8D4AE27FBBC0300957B10 /* JurnalKopi */;
			targetProxy = 4AC8D4CA27FBBC0500957B10 /* PBXContainerItemProxy */;
		};
/* End PBXTargetDependency section */

/* Begin XCBuildConfiguration section */
		4AC8D4D127FBBC0500957B10 /* Debug */ = {
			isa = XCBuildConfiguration;
			buildSettings = {
				ALWAYS_SEARCH_USER_PATHS = NO;
				CLANG_ANALYZER_NONNULL = YES;
				CLANG_ANALYZER_NUMBER_OBJECT_CONVERSION = YES_AGGRESSIVE;
				CLANG_CXX_LANGUAGE_STANDARD = "gnu++17";
				CLANG_ENABLE_MODULES = YES;
				CLANG_ENABLE_OBJC_ARC = YES;
				CLANG_ENABLE_OBJC_WEAK = YES;
				CLANG_WARN_BLOCK_CAPTURE_AUTORELEASING = YES;
				CLANG_WARN_BOOL_CONVERSION = YES;
				CLANG_WARN_COMMA = YES;
				CLANG_WARN_CONSTANT_CONVERSION = YES;
				CLANG_WARN_DEPRECATED_OBJC_IMPLEMENTATIONS = YES;
				CLANG_WARN_DIRECT_OBJC_ISA_USAGE = YES_ERROR;
				CLANG_WARN_DOCUMENTATION_COMMENTS = YES;
				CLANG_WARN_EMPTY_BODY = YES;
				CLANG_WARN_ENUM_CONVERSION = YES;
				CLANG_WARN_INFINITE_RECURSION = YES;
				CLANG_WARN_INT_CONVERSION = YES;
				CLANG_WARN_NON_LITERAL_NULL_CONVERSION = YES;
				CLANG_WARN_OBJC_IMPLICIT_RETAIN_SELF = YES;
				CLANG_WARN_OBJC_LITERAL_CONVERSION = YES;
				CLANG_WARN_OBJC_ROOT_CLASS = YES_ERROR;
				CLANG_WARN_QUOTED_INCLUDE_IN_FRAMEWORK_HEADER = YES;
				CLANG_WARN_RANGE_LOOP_ANALYSIS = YES;
				CLANG_WARN_STRICT_PROTOTYPES = YES;
				CLANG_WARN_SUSPICIOUS_MOVE = YES;
				CLANG_WARN_UNGUARDED_AVAILABILITY = YES_AGGRESSIVE;
				CLANG_WARN_UNREACHABLE_CODE = YES;
				CLANG_WARN__DUPLICATE_METHOD_MATCH = YES;
				COPY_PHASE_STRIP = NO;
				DEBUG_INFORMATION_FORMAT = dwarf;
				ENABLE_STRICT_OBJC_MSGSEND = YES;
				ENABLE_TESTABILITY = YES;
				GCC_C_LANGUAGE_STANDARD = gnu11;
				GCC_DYNAMIC_NO_PIC = NO;
				GCC_NO_COMMON_BLOCKS = YES;
				GCC_OPTIMIZATION_LEVEL = 0;
				GCC_PREPROCESSOR_DEFINITIONS = (
					"DEBUG=1",
					"$(inherited)",
				);
				GCC_WARN_64_TO_32_BIT_CONVERSION = YES;
				GCC_WARN_ABOUT_RETURN_TYPE = YES_ERROR;
				GCC_WARN_UNDECLARED_SELECTOR = YES;
				GCC_WARN_UNINITIALIZED_AUTOS = YES_AGGRESSIVE;
				GCC_WARN_UNUSED_FUNCTION = YES;
				GCC_WARN_UNUSED_VARIABLE = YES;
				IPHONEOS_DEPLOYMENT_TARGET = 15.4;
				MTL_ENABLE_DEBUG_INFO = INCLUDE_SOURCE;
				MTL_FAST_MATH = YES;
				ONLY_ACTIVE_ARCH = YES;
				SDKROOT = iphoneos;
				SWIFT_ACTIVE_COMPILATION_CONDITIONS = DEBUG;
				SWIFT_OPTIMIZATION_LEVEL = "-Onone";
			};
			name = Debug;
		};
		4AC8D4D227FBBC0500957B10 /* Release */ = {
			isa = XCBuildConfiguration;
			buildSettings = {
				ALWAYS_SEARCH_USER_PATHS = NO;
				CLANG_ANALYZER_NONNULL = YES;
				CLANG_ANALYZER_NUMBER_OBJECT_CONVERSION = YES_AGGRESSIVE;
				CLANG_CXX_LANGUAGE_STANDARD = "gnu++17";
				CLANG_ENABLE_MODULES = YES;
				CLANG_ENABLE_OBJC_ARC = YES;
				CLANG_ENABLE_OBJC_WEAK = YES;
				CLANG_WARN_BLOCK_CAPTURE_AUTORELEASING = YES;
				CLANG_WARN_BOOL_CONVERSION = YES;
				CLANG_WARN_COMMA = YES;
				CLANG_WARN_CONSTANT_CONVERSION = YES;
				CLANG_WARN_DEPRECATED_OBJC_IMPLEMENTATIONS = YES;
				CLANG_WARN_DIRECT_OBJC_ISA_USAGE = YES_ERROR;
				CLANG_WARN_DOCUMENTATION_COMMENTS = YES;
				CLANG_WARN_EMPTY_BODY = YES;
				CLANG_WARN_ENUM_CONVERSION = YES;
				CLANG_WARN_INFINITE_RECURSION = YES;
				CLANG_WARN_INT_CONVERSION = YES;
				CLANG_WARN_NON_LITERAL_NULL_CONVERSION = YES;
				CLANG_WARN_OBJC_IMPLICIT_RETAIN_SELF = YES;
				CLANG_WARN_OBJC_LITERAL_CONVERSION = YES;
				CLANG_WARN_OBJC_ROOT_CLASS = YES_ERROR;
				CLANG_WARN_QUOTED_INCLUDE_IN_FRAMEWORK_HEADER = YES;
				CLANG_WARN_RANGE_LOOP_ANALYSIS = YES;
				CLANG_WARN_STRICT_PROTOTYPES = YES;
				CLANG_WARN_SUSPICIOUS_MOVE = YES;
				CLANG_WARN_UNGUARDED_AVAILABILITY = YES_AGGRESSIVE;
				CLANG_WARN_UNREACHABLE_CODE = YES;
				CLANG_WARN__DUPLICATE_METHOD_MATCH = YES;
				COPY_PHASE_STRIP = NO;
				DEBUG_INFORMATION_FORMAT = "dwarf-with-dsym";
				ENABLE_NS_ASSERTIONS = NO;
				ENABLE_STRICT_OBJC_MSGSEND = YES;
				GCC_C_LANGUAGE_STANDARD = gnu11;
				GCC_NO_COMMON_BLOCKS = YES;
				GCC_WARN_64_TO_32_BIT_CONVERSION = YES;
				GCC_WARN_ABOUT_RETURN_TYPE = YES_ERROR;
				GCC_WARN_UNDECLARED_SELECTOR = YES;
				GCC_WARN_UNINITIALIZED_AUTOS = YES_AGGRESSIVE;
				GCC_WARN_UNUSED_FUNCTION = YES;
				GCC_WARN_UNUSED_VARIABLE = YES;
				IPHONEOS_DEPLOYMENT_TARGET = 15.4;
				MTL_ENABLE_DEBUG_INFO = NO;
				MTL_FAST_MATH = YES;
				SDKROOT = iphoneos;
				SWIFT_COMPILATION_MODE = wholemodule;
				SWIFT_OPTIMIZATION_LEVEL = "-O";
				VALIDATE_PRODUCT = YES;
			};
			name = Release;
		};
		4AC8D4D427FBBC0500957B10 /* Debug */ = {
			isa = XCBuildConfiguration;
			buildSettings = {
				ASSETCATALOG_COMPILER_APPICON_NAME = AppIcon;
				ASSETCATALOG_COMPILER_GLOBAL_ACCENT_COLOR_NAME = AccentColor;
				CODE_SIGN_STYLE = Automatic;
				CURRENT_PROJECT_VERSION = 2;
				DEVELOPMENT_ASSET_PATHS = "\"JurnalKopi/Preview Content\"";
				DEVELOPMENT_TEAM = 96ZJY6AYCD;
				ENABLE_PREVIEWS = YES;
				GENERATE_INFOPLIST_FILE = YES;
				INFOPLIST_KEY_UIApplicationSceneManifest_Generation = YES;
				INFOPLIST_KEY_UIApplicationSupportsIndirectInputEvents = YES;
				INFOPLIST_KEY_UILaunchScreen_Generation = YES;
				INFOPLIST_KEY_UISupportedInterfaceOrientations_iPad = "UIInterfaceOrientationPortrait UIInterfaceOrientationPortraitUpsideDown UIInterfaceOrientationLandscapeLeft UIInterfaceOrientationLandscapeRight";
				INFOPLIST_KEY_UISupportedInterfaceOrientations_iPhone = "UIInterfaceOrientationPortrait UIInterfaceOrientationLandscapeLeft UIInterfaceOrientationLandscapeRight";
				LD_RUNPATH_SEARCH_PATHS = (
					"$(inherited)",
					"@executable_path/Frameworks",
				);
				MARKETING_VERSION = 1.0;
				PRODUCT_BUNDLE_IDENTIFIER = com.faizmokhtar.JurnalKopi;
				PRODUCT_NAME = "Jurnal Kopi";
				SWIFT_EMIT_LOC_STRINGS = YES;
				SWIFT_VERSION = 5.0;
				TARGETED_DEVICE_FAMILY = "1,2";
			};
			name = Debug;
		};
		4AC8D4D527FBBC0500957B10 /* Release */ = {
			isa = XCBuildConfiguration;
			buildSettings = {
				ASSETCATALOG_COMPILER_APPICON_NAME = AppIcon;
				ASSETCATALOG_COMPILER_GLOBAL_ACCENT_COLOR_NAME = AccentColor;
				CODE_SIGN_STYLE = Automatic;
				CURRENT_PROJECT_VERSION = 2;
				DEVELOPMENT_ASSET_PATHS = "\"JurnalKopi/Preview Content\"";
				DEVELOPMENT_TEAM = 96ZJY6AYCD;
				ENABLE_PREVIEWS = YES;
				GENERATE_INFOPLIST_FILE = YES;
				INFOPLIST_KEY_UIApplicationSceneManifest_Generation = YES;
				INFOPLIST_KEY_UIApplicationSupportsIndirectInputEvents = YES;
				INFOPLIST_KEY_UILaunchScreen_Generation = YES;
				INFOPLIST_KEY_UISupportedInterfaceOrientations_iPad = "UIInterfaceOrientationPortrait UIInterfaceOrientationPortraitUpsideDown UIInterfaceOrientationLandscapeLeft UIInterfaceOrientationLandscapeRight";
				INFOPLIST_KEY_UISupportedInterfaceOrientations_iPhone = "UIInterfaceOrientationPortrait UIInterfaceOrientationLandscapeLeft UIInterfaceOrientationLandscapeRight";
				LD_RUNPATH_SEARCH_PATHS = (
					"$(inherited)",
					"@executable_path/Frameworks",
				);
				MARKETING_VERSION = 1.0;
				PRODUCT_BUNDLE_IDENTIFIER = com.faizmokhtar.JurnalKopi;
				PRODUCT_NAME = "Jurnal Kopi";
				SWIFT_EMIT_LOC_STRINGS = YES;
				SWIFT_VERSION = 5.0;
				TARGETED_DEVICE_FAMILY = "1,2";
			};
			name = Release;
		};
		4AC8D4D727FBBC0500957B10 /* Debug */ = {
			isa = XCBuildConfiguration;
			buildSettings = {
				ALWAYS_EMBED_SWIFT_STANDARD_LIBRARIES = YES;
				BUNDLE_LOADER = "$(TEST_HOST)";
				CODE_SIGN_STYLE = Automatic;
				CURRENT_PROJECT_VERSION = 1;
				DEVELOPMENT_TEAM = 96ZJY6AYCD;
				GENERATE_INFOPLIST_FILE = YES;
				IPHONEOS_DEPLOYMENT_TARGET = 15.4;
				MARKETING_VERSION = 1.0;
				PRODUCT_BUNDLE_IDENTIFIER = com.faizmokhtar.JurnalKopiTests;
				PRODUCT_NAME = "$(TARGET_NAME)";
				SWIFT_EMIT_LOC_STRINGS = NO;
				SWIFT_VERSION = 5.0;
				TARGETED_DEVICE_FAMILY = "1,2";
				TEST_HOST = "$(BUILT_PRODUCTS_DIR)/JurnalKopi.app/JurnalKopi";
			};
			name = Debug;
		};
		4AC8D4D827FBBC0500957B10 /* Release */ = {
			isa = XCBuildConfiguration;
			buildSettings = {
				ALWAYS_EMBED_SWIFT_STANDARD_LIBRARIES = YES;
				BUNDLE_LOADER = "$(TEST_HOST)";
				CODE_SIGN_STYLE = Automatic;
				CURRENT_PROJECT_VERSION = 1;
				DEVELOPMENT_TEAM = 96ZJY6AYCD;
				GENERATE_INFOPLIST_FILE = YES;
				IPHONEOS_DEPLOYMENT_TARGET = 15.4;
				MARKETING_VERSION = 1.0;
				PRODUCT_BUNDLE_IDENTIFIER = com.faizmokhtar.JurnalKopiTests;
				PRODUCT_NAME = "$(TARGET_NAME)";
				SWIFT_EMIT_LOC_STRINGS = NO;
				SWIFT_VERSION = 5.0;
				TARGETED_DEVICE_FAMILY = "1,2";
				TEST_HOST = "$(BUILT_PRODUCTS_DIR)/JurnalKopi.app/JurnalKopi";
			};
			name = Release;
		};
		4AC8D4DA27FBBC0500957B10 /* Debug */ = {
			isa = XCBuildConfiguration;
			buildSettings = {
				ALWAYS_EMBED_SWIFT_STANDARD_LIBRARIES = YES;
				CODE_SIGN_STYLE = Automatic;
				CURRENT_PROJECT_VERSION = 1;
				DEVELOPMENT_TEAM = 96ZJY6AYCD;
				GENERATE_INFOPLIST_FILE = YES;
				MARKETING_VERSION = 1.0;
				PRODUCT_BUNDLE_IDENTIFIER = com.faizmokhtar.JurnalKopiUITests;
				PRODUCT_NAME = "$(TARGET_NAME)";
				SWIFT_EMIT_LOC_STRINGS = NO;
				SWIFT_VERSION = 5.0;
				TARGETED_DEVICE_FAMILY = "1,2";
				TEST_TARGET_NAME = JurnalKopi;
			};
			name = Debug;
		};
		4AC8D4DB27FBBC0500957B10 /* Release */ = {
			isa = XCBuildConfiguration;
			buildSettings = {
				ALWAYS_EMBED_SWIFT_STANDARD_LIBRARIES = YES;
				CODE_SIGN_STYLE = Automatic;
				CURRENT_PROJECT_VERSION = 1;
				DEVELOPMENT_TEAM = 96ZJY6AYCD;
				GENERATE_INFOPLIST_FILE = YES;
				MARKETING_VERSION = 1.0;
				PRODUCT_BUNDLE_IDENTIFIER = com.faizmokhtar.JurnalKopiUITests;
				PRODUCT_NAME = "$(TARGET_NAME)";
				SWIFT_EMIT_LOC_STRINGS = NO;
				SWIFT_VERSION = 5.0;
				TARGETED_DEVICE_FAMILY = "1,2";
				TEST_TARGET_NAME = JurnalKopi;
			};
			name = Release;
		};
/* End XCBuildConfiguration section */

/* Begin XCConfigurationList section */
		4AC8D4AA27FBBC0300957B10 /* Build configuration list for PBXProject "JurnalKopi" */ = {
			isa = XCConfigurationList;
			buildConfigurations = (
				4AC8D4D127FBBC0500957B10 /* Debug */,
				4AC8D4D227FBBC0500957B10 /* Release */,
			);
			defaultConfigurationIsVisible = 0;
			defaultConfigurationName = Release;
		};
		4AC8D4D327FBBC0500957B10 /* Build configuration list for PBXNativeTarget "JurnalKopi" */ = {
			isa = XCConfigurationList;
			buildConfigurations = (
				4AC8D4D427FBBC0500957B10 /* Debug */,
				4AC8D4D527FBBC0500957B10 /* Release */,
			);
			defaultConfigurationIsVisible = 0;
			defaultConfigurationName = Release;
		};
		4AC8D4D627FBBC0500957B10 /* Build configuration list for PBXNativeTarget "JurnalKopiTests" */ = {
			isa = XCConfigurationList;
			buildConfigurations = (
				4AC8D4D727FBBC0500957B10 /* Debug */,
				4AC8D4D827FBBC0500957B10 /* Release */,
			);
			defaultConfigurationIsVisible = 0;
			defaultConfigurationName = Release;
		};
		4AC8D4D927FBBC0500957B10 /* Build configuration list for PBXNativeTarget "JurnalKopiUITests" */ = {
			isa = XCConfigurationList;
			buildConfigurations = (
				4AC8D4DA27FBBC0500957B10 /* Debug */,
				4AC8D4DB27FBBC0500957B10 /* Release */,
			);
			defaultConfigurationIsVisible = 0;
			defaultConfigurationName = Release;
		};
/* End XCConfigurationList section */
	};
	rootObject = 4AC8D4A727FBBC0300957B10 /* Project object */;
}
